
Microsoft Visual Studio Solution File, Format Version 12.00
# Visual Studio Version 16
VisualStudioVersion = 16.0.29102.190
MinimumVisualStudioVersion = 10.0.40219.1
Project("{FAE04EC0-301F-11D3-BF4B-00C04F79EFBC}") = "BinarySearchTree", "BinarySearchTree\BinarySearchTree.csproj", "{DD3E16F0-D640-476C-B95D-7E70C5D8A65E}"
EndProject
Global
	GlobalSection(SolutionConfigurationPlatforms) = preSolution
		Debug|Any CPU = Debug|Any CPU
		Release|Any CPU = Release|Any CPU
	EndGlobalSection
	GlobalSection(ProjectConfigurationPlatforms) = postSolution
		{DD3E16F0-D640-476C-B95D-7E70C5D8A65E}.Debug|Any CPU.ActiveCfg = Debug|Any CPU
		{DD3E16F0-D640-476C-B95D-7E70C5D8A65E}.Debug|Any CPU.Build.0 = Debug|Any CPU
		{DD3E16F0-D640-476C-B95D-7E70C5D8A65E}.Release|Any CPU.ActiveCfg = Release|Any CPU
		{DD3E16F0-D640-476C-B95D-7E70C5D8A65E}.Release|Any CPU.Build.0 = Release|Any CPU
	EndGlobalSection
	GlobalSection(SolutionProperties) = preSolution
		HideSolutionNode = FALSE
	EndGlobalSection
	GlobalSection(ExtensibilityGlobals) = postSolution
		SolutionGuid = {48832374-05DA-4C0D-A02E-7BDB14606033}
	EndGlobalSection
EndGlobal
